
Microsoft Visual Studio Solution File, Format Version 12.00
# Visual Studio Version 17
VisualStudioVersion = 17.5.33414.496
MinimumVisualStudioVersion = 10.0.40219.1
Project("{FAE04EC0-301F-11D3-BF4B-00C04F79EFBC}") = "MiniProjectSQLEntityFrameWork", "MiniProjectSQLEntityFrameWork\MiniProjectSQLEntityFrameWork.csproj", "{20E813FF-9A45-49C8-B9A9-70526B6F7AD0}"
EndProject
Global
	GlobalSection(SolutionConfigurationPlatforms) = preSolution
		Debug|Any CPU = Debug|Any CPU
		Release|Any CPU = Release|Any CPU
	EndGlobalSection
	GlobalSection(ProjectConfigurationPlatforms) = postSolution
		{20E813FF-9A45-49C8-B9A9-70526B6F7AD0}.Debug|Any CPU.ActiveCfg = Debug|Any CPU
		{20E813FF-9A45-49C8-B9A9-70526B6F7AD0}.Debug|Any CPU.Build.0 = Debug|Any CPU
		{20E813FF-9A45-49C8-B9A9-70526B6F7AD0}.Release|Any CPU.ActiveCfg = Release|Any CPU
		{20E813FF-9A45-49C8-B9A9-70526B6F7AD0}.Release|Any CPU.Build.0 = Release|Any CPU
	EndGlobalSection
	GlobalSection(SolutionProperties) = preSolution
		HideSolutionNode = FALSE
	EndGlobalSection
	GlobalSection(ExtensibilityGlobals) = postSolution
		SolutionGuid = {EE117786-B15D-496D-B3B2-50FAA080F29D}
	EndGlobalSection
EndGlobal
